
Microsoft Visual Studio Solution File, Format Version 12.00
# Visual Studio Version 17
VisualStudioVersion = 17.12.35707.178
MinimumVisualStudioVersion = 10.0.40219.1
Project("{FAE04EC0-301F-11D3-BF4B-00C04F79EFBC}") = "LazyPingerMAUI", "LazyPingerMAUI\LazyPingerMAUI.csproj", "{E069B596-7DAF-49B1-99FC-0A39C44C11DE}"
EndProject
Project("{FAE04EC0-301F-11D3-BF4B-00C04F79EFBC}") = "LazyPinger.Core", "LazyPinger.Core\LazyPinger.Core.csproj", "{9AFDCA1A-FE70-4C37-8C4F-60141AA54825}"
EndProject
Project("{FAE04EC0-301F-11D3-BF4B-00C04F79EFBC}") = "LazyPinger.Base", "LazyPinger.Base\LazyPinger.Base.csproj", "{AC5C2778-BD65-4D5A-BEAC-F9644B98A32C}"
EndProject
Project("{FAE04EC0-301F-11D3-BF4B-00C04F79EFBC}") = "LazyPinger.Tests", "LazyPinger.Tests\LazyPinger.Tests.csproj", "{77D1F879-B170-49B4-9FDB-50ED70EB5D16}"
EndProject
Global
	GlobalSection(SolutionConfigurationPlatforms) = preSolution
		Debug|Any CPU = Debug|Any CPU
		Release|Any CPU = Release|Any CPU
	EndGlobalSection
	GlobalSection(ProjectConfigurationPlatforms) = postSolution
		{E069B596-7DAF-49B1-99FC-0A39C44C11DE}.Debug|Any CPU.ActiveCfg = Debug|Any CPU
		{E069B596-7DAF-49B1-99FC-0A39C44C11DE}.Debug|Any CPU.Build.0 = Debug|Any CPU
		{E069B596-7DAF-49B1-99FC-0A39C44C11DE}.Debug|Any CPU.Deploy.0 = Debug|Any CPU
		{E069B596-7DAF-49B1-99FC-0A39C44C11DE}.Release|Any CPU.ActiveCfg = Release|Any CPU
		{E069B596-7DAF-49B1-99FC-0A39C44C11DE}.Release|Any CPU.Build.0 = Release|Any CPU
		{E069B596-7DAF-49B1-99FC-0A39C44C11DE}.Release|Any CPU.Deploy.0 = Release|Any CPU
		{9AFDCA1A-FE70-4C37-8C4F-60141AA54825}.Debug|Any CPU.ActiveCfg = Debug|Any CPU
		{9AFDCA1A-FE70-4C37-8C4F-60141AA54825}.Debug|Any CPU.Build.0 = Debug|Any CPU
		{9AFDCA1A-FE70-4C37-8C4F-60141AA54825}.Release|Any CPU.ActiveCfg = Release|Any CPU
		{9AFDCA1A-FE70-4C37-8C4F-60141AA54825}.Release|Any CPU.Build.0 = Release|Any CPU
		{AC5C2778-BD65-4D5A-BEAC-F9644B98A32C}.Debug|Any CPU.ActiveCfg = Debug|Any CPU
		{AC5C2778-BD65-4D5A-BEAC-F9644B98A32C}.Debug|Any CPU.Build.0 = Debug|Any CPU
		{AC5C2778-BD65-4D5A-BEAC-F9644B98A32C}.Release|Any CPU.ActiveCfg = Release|Any CPU
		{AC5C2778-BD65-4D5A-BEAC-F9644B98A32C}.Release|Any CPU.Build.0 = Release|Any CPU
		{77D1F879-B170-49B4-9FDB-50ED70EB5D16}.Debug|Any CPU.ActiveCfg = Debug|Any CPU
		{77D1F879-B170-49B4-9FDB-50ED70EB5D16}.Debug|Any CPU.Build.0 = Debug|Any CPU
		{77D1F879-B170-49B4-9FDB-50ED70EB5D16}.Release|Any CPU.ActiveCfg = Release|Any CPU
		{77D1F879-B170-49B4-9FDB-50ED70EB5D16}.Release|Any CPU.Build.0 = Release|Any CPU
	EndGlobalSection
	GlobalSection(SolutionProperties) = preSolution
		HideSolutionNode = FALSE
	EndGlobalSection
	GlobalSection(ExtensibilityGlobals) = postSolution
		SolutionGuid = {3F8CD6AB-2478-4573-863A-6E837D70BD28}
	EndGlobalSection
EndGlobal
